
Microsoft Visual Studio Solution File, Format Version 12.00
# Visual Studio Version 17
VisualStudioVersion = 17.9.34622.214
MinimumVisualStudioVersion = 10.0.40219.1
Project("{FAE04EC0-301F-11D3-BF4B-00C04F79EFBC}") = "protectedMultipleObjects2", "protectedMultipleObjects2\protectedMultipleObjects2.csproj", "{D986DB2A-20B6-4079-8651-DC3974F8E83B}"
EndProject
Global
	GlobalSection(SolutionConfigurationPlatforms) = preSolution
		Debug|Any CPU = Debug|Any CPU
		Release|Any CPU = Release|Any CPU
	EndGlobalSection
	GlobalSection(ProjectConfigurationPlatforms) = postSolution
		{D986DB2A-20B6-4079-8651-DC3974F8E83B}.Debug|Any CPU.ActiveCfg = Debug|Any CPU
		{D986DB2A-20B6-4079-8651-DC3974F8E83B}.Debug|Any CPU.Build.0 = Debug|Any CPU
		{D986DB2A-20B6-4079-8651-DC3974F8E83B}.Release|Any CPU.ActiveCfg = Release|Any CPU
		{D986DB2A-20B6-4079-8651-DC3974F8E83B}.Release|Any CPU.Build.0 = Release|Any CPU
	EndGlobalSection
	GlobalSection(SolutionProperties) = preSolution
		HideSolutionNode = FALSE
	EndGlobalSection
	GlobalSection(ExtensibilityGlobals) = postSolution
		SolutionGuid = {3BA940A8-6F0D-4432-A53D-CCEEAA890206}
	EndGlobalSection
EndGlobal
